
Microsoft Visual Studio Solution File, Format Version 12.00
# Visual Studio Version 16
VisualStudioVersion = 16.0.30717.126
MinimumVisualStudioVersion = 10.0.40219.1
Project("{2150E333-8FDC-42A3-9474-1A3956D46DE8}") = "src", "src", "{074C058E-8E18-46FD-8A80-F9B8DD579116}"
EndProject
Project("{9A19103F-16F7-4668-BE54-9A1E7A4F7556}") = "TimedHostedService.Worker", "src\TimedHostedService.Worker\TimedHostedService.Worker.csproj", "{A3EB08B0-A461-424D-A1AB-756E64E0F6C5}"
EndProject
Project("{9A19103F-16F7-4668-BE54-9A1E7A4F7556}") = "TimedHostedService.Worker.Domain", "src\TimedHostedService.Worker.Domain\TimedHostedService.Worker.Domain.csproj", "{C1B5358F-2BBA-4E40-8DCE-B1890795632A}"
EndProject
Project("{9A19103F-16F7-4668-BE54-9A1E7A4F7556}") = "TimedHostedService.Worker.Infrastructure", "src\TimedHostedService.Worker.Infrastructure\TimedHostedService.Worker.Infrastructure.csproj", "{0304BA9F-0B80-4CB7-AD3F-33F06EAB74E5}"
EndProject
Global
	GlobalSection(SolutionConfigurationPlatforms) = preSolution
		Debug|Any CPU = Debug|Any CPU
		Release|Any CPU = Release|Any CPU
	EndGlobalSection
	GlobalSection(ProjectConfigurationPlatforms) = postSolution
		{A3EB08B0-A461-424D-A1AB-756E64E0F6C5}.Debug|Any CPU.ActiveCfg = Debug|Any CPU
		{A3EB08B0-A461-424D-A1AB-756E64E0F6C5}.Debug|Any CPU.Build.0 = Debug|Any CPU
		{A3EB08B0-A461-424D-A1AB-756E64E0F6C5}.Release|Any CPU.ActiveCfg = Release|Any CPU
		{A3EB08B0-A461-424D-A1AB-756E64E0F6C5}.Release|Any CPU.Build.0 = Release|Any CPU
		{C1B5358F-2BBA-4E40-8DCE-B1890795632A}.Debug|Any CPU.ActiveCfg = Debug|Any CPU
		{C1B5358F-2BBA-4E40-8DCE-B1890795632A}.Debug|Any CPU.Build.0 = Debug|Any CPU
		{C1B5358F-2BBA-4E40-8DCE-B1890795632A}.Release|Any CPU.ActiveCfg = Release|Any CPU
		{C1B5358F-2BBA-4E40-8DCE-B1890795632A}.Release|Any CPU.Build.0 = Release|Any CPU
		{0304BA9F-0B80-4CB7-AD3F-33F06EAB74E5}.Debug|Any CPU.ActiveCfg = Debug|Any CPU
		{0304BA9F-0B80-4CB7-AD3F-33F06EAB74E5}.Debug|Any CPU.Build.0 = Debug|Any CPU
		{0304BA9F-0B80-4CB7-AD3F-33F06EAB74E5}.Release|Any CPU.ActiveCfg = Release|Any CPU
		{0304BA9F-0B80-4CB7-AD3F-33F06EAB74E5}.Release|Any CPU.Build.0 = Release|Any CPU
	EndGlobalSection
	GlobalSection(SolutionProperties) = preSolution
		HideSolutionNode = FALSE
	EndGlobalSection
	GlobalSection(NestedProjects) = preSolution
		{A3EB08B0-A461-424D-A1AB-756E64E0F6C5} = {074C058E-8E18-46FD-8A80-F9B8DD579116}
		{C1B5358F-2BBA-4E40-8DCE-B1890795632A} = {074C058E-8E18-46FD-8A80-F9B8DD579116}
		{0304BA9F-0B80-4CB7-AD3F-33F06EAB74E5} = {074C058E-8E18-46FD-8A80-F9B8DD579116}
	EndGlobalSection
	GlobalSection(ExtensibilityGlobals) = postSolution
		SolutionGuid = {BB13F015-B6F5-4C55-A7DC-A584180B5C20}
	EndGlobalSection
EndGlobal
